
Microsoft Visual Studio Solution File, Format Version 12.00
# Visual Studio 15
Project("{FAE04EC0-301F-11D3-BF4B-00C04F79EFBC}") = "Assembly-CSharp", "Assembly-CSharp.csproj", "{CDA96C69-2EEF-651E-36EF-E7B75BFBCFC4}"
EndProject
Project("{FAE04EC0-301F-11D3-BF4B-00C04F79EFBC}") = "Unity.2D.Tilemap.Extras", "Unity.2D.Tilemap.Extras.csproj", "{11BF0B9E-5D48-472C-F63A-A639A05AAD77}"
EndProject
Project("{FAE04EC0-301F-11D3-BF4B-00C04F79EFBC}") = "Unity.2D.Tilemap.Extras.Editor", "Unity.2D.Tilemap.Extras.Editor.csproj", "{A9AEFEFD-34DC-1E97-19D4-D513B310AD22}"
EndProject
Project("{FAE04EC0-301F-11D3-BF4B-00C04F79EFBC}") = "Assembly-CSharp-Editor", "Assembly-CSharp-Editor.csproj", "{FB716AFB-1C1D-C241-D69C-673B5C067D3A}"
EndProject
Project("{FAE04EC0-301F-11D3-BF4B-00C04F79EFBC}") = "Unity.2D.Tilemap.Extras.Placeholder.EditorTests", "Unity.2D.Tilemap.Extras.Placeholder.EditorTests.csproj", "{2EF9970F-FFF8-344F-FA64-BF29C3ED91BA}"
EndProject
Global
	GlobalSection(SolutionConfigurationPlatforms) = preSolution
		Debug|Any CPU = Debug|Any CPU
		Release|Any CPU = Release|Any CPU
	EndGlobalSection
	GlobalSection(ProjectConfigurationPlatforms) = postSolution
		{CDA96C69-2EEF-651E-36EF-E7B75BFBCFC4}.Debug|Any CPU.ActiveCfg = Debug|Any CPU
		{CDA96C69-2EEF-651E-36EF-E7B75BFBCFC4}.Debug|Any CPU.Build.0 = Debug|Any CPU
		{CDA96C69-2EEF-651E-36EF-E7B75BFBCFC4}.Release|Any CPU.ActiveCfg = Release|Any CPU
		{CDA96C69-2EEF-651E-36EF-E7B75BFBCFC4}.Release|Any CPU.Build.0 = Release|Any CPU
		{11BF0B9E-5D48-472C-F63A-A639A05AAD77}.Debug|Any CPU.ActiveCfg = Debug|Any CPU
		{11BF0B9E-5D48-472C-F63A-A639A05AAD77}.Debug|Any CPU.Build.0 = Debug|Any CPU
		{11BF0B9E-5D48-472C-F63A-A639A05AAD77}.Release|Any CPU.ActiveCfg = Release|Any CPU
		{11BF0B9E-5D48-472C-F63A-A639A05AAD77}.Release|Any CPU.Build.0 = Release|Any CPU
		{A9AEFEFD-34DC-1E97-19D4-D513B310AD22}.Debug|Any CPU.ActiveCfg = Debug|Any CPU
		{A9AEFEFD-34DC-1E97-19D4-D513B310AD22}.Debug|Any CPU.Build.0 = Debug|Any CPU
		{A9AEFEFD-34DC-1E97-19D4-D513B310AD22}.Release|Any CPU.ActiveCfg = Release|Any CPU
		{A9AEFEFD-34DC-1E97-19D4-D513B310AD22}.Release|Any CPU.Build.0 = Release|Any CPU
		{FB716AFB-1C1D-C241-D69C-673B5C067D3A}.Debug|Any CPU.ActiveCfg = Debug|Any CPU
		{FB716AFB-1C1D-C241-D69C-673B5C067D3A}.Debug|Any CPU.Build.0 = Debug|Any CPU
		{FB716AFB-1C1D-C241-D69C-673B5C067D3A}.Release|Any CPU.ActiveCfg = Release|Any CPU
		{FB716AFB-1C1D-C241-D69C-673B5C067D3A}.Release|Any CPU.Build.0 = Release|Any CPU
		{2EF9970F-FFF8-344F-FA64-BF29C3ED91BA}.Debug|Any CPU.ActiveCfg = Debug|Any CPU
		{2EF9970F-FFF8-344F-FA64-BF29C3ED91BA}.Debug|Any CPU.Build.0 = Debug|Any CPU
		{2EF9970F-FFF8-344F-FA64-BF29C3ED91BA}.Release|Any CPU.ActiveCfg = Release|Any CPU
		{2EF9970F-FFF8-344F-FA64-BF29C3ED91BA}.Release|Any CPU.Build.0 = Release|Any CPU
	EndGlobalSection
	GlobalSection(SolutionProperties) = preSolution
		HideSolutionNode = FALSE
	EndGlobalSection
EndGlobal
